
Microsoft Visual Studio Solution File, Format Version 12.00
# Visual Studio 15
VisualStudioVersion = 15.0.26730.16
MinimumVisualStudioVersion = 10.0.40219.1
Project("{888888A0-9F3D-457C-B088-3A5042F75D52}") = "CNTKapi", "CNTKapi\CNTKapi.pyproj", "{8AAE870C-EF94-4D15-887A-0313E0A3136F}"
EndProject
Global
	GlobalSection(SolutionConfigurationPlatforms) = preSolution
		Debug|Any CPU = Debug|Any CPU
		Release|Any CPU = Release|Any CPU
	EndGlobalSection
	GlobalSection(ProjectConfigurationPlatforms) = postSolution
		{8AAE870C-EF94-4D15-887A-0313E0A3136F}.Debug|Any CPU.ActiveCfg = Debug|Any CPU
		{8AAE870C-EF94-4D15-887A-0313E0A3136F}.Debug|Any CPU.Build.0 = Debug|Any CPU
		{8AAE870C-EF94-4D15-887A-0313E0A3136F}.Release|Any CPU.ActiveCfg = Release|Any CPU
		{8AAE870C-EF94-4D15-887A-0313E0A3136F}.Release|Any CPU.Build.0 = Release|Any CPU
	EndGlobalSection
	GlobalSection(SolutionProperties) = preSolution
		HideSolutionNode = FALSE
	EndGlobalSection
	GlobalSection(ExtensibilityGlobals) = postSolution
		SolutionGuid = {04E76BC4-20A4-4703-91CB-12E1BA358133}
	EndGlobalSection
EndGlobal
